// !$*UTF8*$!
{
	archiveVersion = 1;
	classes = {
	};
	objectVersion = 56;
	objects = {

/* Begin PBXBuildFile section */
		9E512AB02A9FB98B00BF40A0 /* MintosApp.swift in Sources */ = {isa = PBXBuildFile; fileRef = 9E512AAF2A9FB98B00BF40A0 /* MintosApp.swift */; };
		9E512AB22A9FB98B00BF40A0 /* PaymentDetailsView.swift in Sources */ = {isa = PBXBuildFile; fileRef = 9E512AB12A9FB98B00BF40A0 /* PaymentDetailsView.swift */; };
		9E512AB42A9FB98D00BF40A0 /* Assets.xcassets in Resources */ = {isa = PBXBuildFile; fileRef = 9E512AB32A9FB98D00BF40A0 /* Assets.xcassets */; };
		9E512AB72A9FB98D00BF40A0 /* Preview Assets.xcassets in Resources */ = {isa = PBXBuildFile; fileRef = 9E512AB62A9FB98D00BF40A0 /* Preview Assets.xcassets */; };
		9E512AC02A9FBA6700BF40A0 /* ViewModel.swift in Sources */ = {isa = PBXBuildFile; fileRef = 9E512ABF2A9FBA6700BF40A0 /* ViewModel.swift */; };
		9E512AC22A9FBA7C00BF40A0 /* ViewModelType.swift in Sources */ = {isa = PBXBuildFile; fileRef = 9E512AC12A9FBA7C00BF40A0 /* ViewModelType.swift */; };
		9E512AC52A9FBACF00BF40A0 /* AnySubject.swift in Sources */ = {isa = PBXBuildFile; fileRef = 9E512AC42A9FBACF00BF40A0 /* AnySubject.swift */; };
		9E512AC72A9FBAE200BF40A0 /* ViewState.swift in Sources */ = {isa = PBXBuildFile; fileRef = 9E512AC62A9FBAE200BF40A0 /* ViewState.swift */; };
		9E512ACF2A9FBB8000BF40A0 /* PaymentDetailsViewModel.swift in Sources */ = {isa = PBXBuildFile; fileRef = 9E512ACE2A9FBB8000BF40A0 /* PaymentDetailsViewModel.swift */; };
		9E512AD72A9FBC8200BF40A0 /* ServiceProtocol.swift in Sources */ = {isa = PBXBuildFile; fileRef = 9E512AD62A9FBC8200BF40A0 /* ServiceProtocol.swift */; };
		9E512AD92A9FBC9500BF40A0 /* ServiceError.swift in Sources */ = {isa = PBXBuildFile; fileRef = 9E512AD82A9FBC9500BF40A0 /* ServiceError.swift */; };
		9E512ADB2A9FBCB800BF40A0 /* PaymentDetailsRepository.swift in Sources */ = {isa = PBXBuildFile; fileRef = 9E512ADA2A9FBCB800BF40A0 /* PaymentDetailsRepository.swift */; };
		9E512ADD2A9FBD3900BF40A0 /* PaymentDetails.swift in Sources */ = {isa = PBXBuildFile; fileRef = 9E512ADC2A9FBD3900BF40A0 /* PaymentDetails.swift */; };
		9E512AE02A9FBEE700BF40A0 /* JSONDecoder.swift in Sources */ = {isa = PBXBuildFile; fileRef = 9E512ADF2A9FBEE700BF40A0 /* JSONDecoder.swift */; };
		9E512AE22A9FBF5500BF40A0 /* PaymentDetailsRequest.swift in Sources */ = {isa = PBXBuildFile; fileRef = 9E512AE12A9FBF5500BF40A0 /* PaymentDetailsRequest.swift */; };
		9E512AE42A9FBF6500BF40A0 /* Configuration.swift in Sources */ = {isa = PBXBuildFile; fileRef = 9E512AE32A9FBF6500BF40A0 /* Configuration.swift */; };
		9E512AE62A9FBFD700BF40A0 /* PaymentDetailsEndPoint.swift in Sources */ = {isa = PBXBuildFile; fileRef = 9E512AE52A9FBFD700BF40A0 /* PaymentDetailsEndPoint.swift */; };
		9EA4CDB22A9FC2AD00F1E39F /* SceneFactory.swift in Sources */ = {isa = PBXBuildFile; fileRef = 9EA4CDB12A9FC2AD00F1E39F /* SceneFactory.swift */; };
		9EA4CDB42A9FCBE100F1E39F /* View.swift in Sources */ = {isa = PBXBuildFile; fileRef = 9EA4CDB32A9FCBE100F1E39F /* View.swift */; };
/* End PBXBuildFile section */

/* Begin PBXFileReference section */
		9E512AAC2A9FB98B00BF40A0 /* Mintos.app */ = {isa = PBXFileReference; explicitFileType = wrapper.application; includeInIndex = 0; path = Mintos.app; sourceTree = BUILT_PRODUCTS_DIR; };
		9E512AAF2A9FB98B00BF40A0 /* MintosApp.swift */ = {isa = PBXFileReference; lastKnownFileType = sourcecode.swift; path = MintosApp.swift; sourceTree = "<group>"; };
		9E512AB12A9FB98B00BF40A0 /* PaymentDetailsView.swift */ = {isa = PBXFileReference; lastKnownFileType = sourcecode.swift; path = PaymentDetailsView.swift; sourceTree = "<group>"; };
		9E512AB32A9FB98D00BF40A0 /* Assets.xcassets */ = {isa = PBXFileReference; lastKnownFileType = folder.assetcatalog; path = Assets.xcassets; sourceTree = "<group>"; };
		9E512AB62A9FB98D00BF40A0 /* Preview Assets.xcassets */ = {isa = PBXFileReference; lastKnownFileType = folder.assetcatalog; path = "Preview Assets.xcassets"; sourceTree = "<group>"; };
		9E512ABF2A9FBA6700BF40A0 /* ViewModel.swift */ = {isa = PBXFileReference; lastKnownFileType = sourcecode.swift; path = ViewModel.swift; sourceTree = "<group>"; };
		9E512AC12A9FBA7C00BF40A0 /* ViewModelType.swift */ = {isa = PBXFileReference; lastKnownFileType = sourcecode.swift; path = ViewModelType.swift; sourceTree = "<group>"; };
		9E512AC42A9FBACF00BF40A0 /* AnySubject.swift */ = {isa = PBXFileReference; lastKnownFileType = sourcecode.swift; path = AnySubject.swift; sourceTree = "<group>"; };
		9E512AC62A9FBAE200BF40A0 /* ViewState.swift */ = {isa = PBXFileReference; lastKnownFileType = sourcecode.swift; path = ViewState.swift; sourceTree = "<group>"; };
		9E512ACE2A9FBB8000BF40A0 /* PaymentDetailsViewModel.swift */ = {isa = PBXFileReference; lastKnownFileType = sourcecode.swift; path = PaymentDetailsViewModel.swift; sourceTree = "<group>"; };
		9E512AD62A9FBC8200BF40A0 /* ServiceProtocol.swift */ = {isa = PBXFileReference; lastKnownFileType = sourcecode.swift; path = ServiceProtocol.swift; sourceTree = "<group>"; };
		9E512AD82A9FBC9500BF40A0 /* ServiceError.swift */ = {isa = PBXFileReference; lastKnownFileType = sourcecode.swift; path = ServiceError.swift; sourceTree = "<group>"; };
		9E512ADA2A9FBCB800BF40A0 /* PaymentDetailsRepository.swift */ = {isa = PBXFileReference; lastKnownFileType = sourcecode.swift; path = PaymentDetailsRepository.swift; sourceTree = "<group>"; };
		9E512ADC2A9FBD3900BF40A0 /* PaymentDetails.swift */ = {isa = PBXFileReference; lastKnownFileType = sourcecode.swift; path = PaymentDetails.swift; sourceTree = "<group>"; };
		9E512ADF2A9FBEE700BF40A0 /* JSONDecoder.swift */ = {isa = PBXFileReference; lastKnownFileType = sourcecode.swift; path = JSONDecoder.swift; sourceTree = "<group>"; };
		9E512AE12A9FBF5500BF40A0 /* PaymentDetailsRequest.swift */ = {isa = PBXFileReference; lastKnownFileType = sourcecode.swift; path = PaymentDetailsRequest.swift; sourceTree = "<group>"; };
		9E512AE32A9FBF6500BF40A0 /* Configuration.swift */ = {isa = PBXFileReference; lastKnownFileType = sourcecode.swift; path = Configuration.swift; sourceTree = "<group>"; };
		9E512AE52A9FBFD700BF40A0 /* PaymentDetailsEndPoint.swift */ = {isa = PBXFileReference; lastKnownFileType = sourcecode.swift; path = PaymentDetailsEndPoint.swift; sourceTree = "<group>"; };
		9EA4CDB12A9FC2AD00F1E39F /* SceneFactory.swift */ = {isa = PBXFileReference; lastKnownFileType = sourcecode.swift; path = SceneFactory.swift; sourceTree = "<group>"; };
		9EA4CDB32A9FCBE100F1E39F /* View.swift */ = {isa = PBXFileReference; lastKnownFileType = sourcecode.swift; path = View.swift; sourceTree = "<group>"; };
/* End PBXFileReference section */

/* Begin PBXFrameworksBuildPhase section */
		9E512AA92A9FB98B00BF40A0 /* Frameworks */ = {
			isa = PBXFrameworksBuildPhase;
			buildActionMask = 2147483647;
			files = (
			);
			runOnlyForDeploymentPostprocessing = 0;
		};
/* End PBXFrameworksBuildPhase section */

/* Begin PBXGroup section */
		9E512AA32A9FB98B00BF40A0 = {
			isa = PBXGroup;
			children = (
				9E512AAE2A9FB98B00BF40A0 /* Mintos */,
				9E512AAD2A9FB98B00BF40A0 /* Products */,
			);
			sourceTree = "<group>";
		};
		9E512AAD2A9FB98B00BF40A0 /* Products */ = {
			isa = PBXGroup;
			children = (
				9E512AAC2A9FB98B00BF40A0 /* Mintos.app */,
			);
			name = Products;
			sourceTree = "<group>";
		};
		9E512AAE2A9FB98B00BF40A0 /* Mintos */ = {
			isa = PBXGroup;
			children = (
				9E512ABD2A9FBA2F00BF40A0 /* Application */,
				9E512ABE2A9FBA5A00BF40A0 /* Base */,
				9E512AD12A9FBC1100BF40A0 /* Configration */,
				9E512AD02A9FBC0600BF40A0 /* Entities */,
				9E512ADE2A9FBEDA00BF40A0 /* Extensions */,
				9E512AC82A9FBAF800BF40A0 /* Scenes */,
				9E512AC32A9FBABD00BF40A0 /* Utilities */,
				9E512ACA2A9FBB1800BF40A0 /* Network */,
				9E512AC92A9FBB0700BF40A0 /* Resources */,
				9E512AB52A9FB98D00BF40A0 /* Preview Content */,
			);
			path = Mintos;
			sourceTree = "<group>";
		};
		9E512AB52A9FB98D00BF40A0 /* Preview Content */ = {
			isa = PBXGroup;
			children = (
				9E512AB62A9FB98D00BF40A0 /* Preview Assets.xcassets */,
			);
			path = "Preview Content";
			sourceTree = "<group>";
		};
		9E512ABD2A9FBA2F00BF40A0 /* Application */ = {
			isa = PBXGroup;
			children = (
				9E512AAF2A9FB98B00BF40A0 /* MintosApp.swift */,
			);
			path = Application;
			sourceTree = "<group>";
		};
		9E512ABE2A9FBA5A00BF40A0 /* Base */ = {
			isa = PBXGroup;
			children = (
				9E512ABF2A9FBA6700BF40A0 /* ViewModel.swift */,
				9E512AC12A9FBA7C00BF40A0 /* ViewModelType.swift */,
			);
			path = Base;
			sourceTree = "<group>";
		};
		9E512AC32A9FBABD00BF40A0 /* Utilities */ = {
			isa = PBXGroup;
			children = (
				9E512AC42A9FBACF00BF40A0 /* AnySubject.swift */,
				9E512AC62A9FBAE200BF40A0 /* ViewState.swift */,
			);
			path = Utilities;
			sourceTree = "<group>";
		};
		9E512AC82A9FBAF800BF40A0 /* Scenes */ = {
			isa = PBXGroup;
			children = (
				9EA4CDB02A9FC2A800F1E39F /* SceneFactory */,
				9E512ACB2A9FBB6700BF40A0 /* PaymentDetails */,
			);
			path = Scenes;
			sourceTree = "<group>";
		};
		9E512AC92A9FBB0700BF40A0 /* Resources */ = {
			isa = PBXGroup;
			children = (
				9E512AB32A9FB98D00BF40A0 /* Assets.xcassets */,
			);
			path = Resources;
			sourceTree = "<group>";
		};
		9E512ACA2A9FBB1800BF40A0 /* Network */ = {
			isa = PBXGroup;
			children = (
				9E512AD52A9FBC7C00BF40A0 /* Service */,
				9E512AD42A9FBC3D00BF40A0 /* Repository */,
				9E512AD32A9FBC3200BF40A0 /* Request */,
				9E512AD22A9FBC2700BF40A0 /* EndPoints */,
			);
			path = Network;
			sourceTree = "<group>";
		};
		9E512ACB2A9FBB6700BF40A0 /* PaymentDetails */ = {
			isa = PBXGroup;
			children = (
				9E512ACC2A9FBB6D00BF40A0 /* View */,
				9E512ACD2A9FBB7400BF40A0 /* ViewModel */,
			);
			path = PaymentDetails;
			sourceTree = "<group>";
		};
		9E512ACC2A9FBB6D00BF40A0 /* View */ = {
			isa = PBXGroup;
			children = (
				9E512AB12A9FB98B00BF40A0 /* PaymentDetailsView.swift */,
			);
			path = View;
			sourceTree = "<group>";
		};
		9E512ACD2A9FBB7400BF40A0 /* ViewModel */ = {
			isa = PBXGroup;
			children = (
				9E512ACE2A9FBB8000BF40A0 /* PaymentDetailsViewModel.swift */,
			);
			path = ViewModel;
			sourceTree = "<group>";
		};
		9E512AD02A9FBC0600BF40A0 /* Entities */ = {
			isa = PBXGroup;
			children = (
				9E512ADC2A9FBD3900BF40A0 /* PaymentDetails.swift */,
			);
			path = Entities;
			sourceTree = "<group>";
		};
		9E512AD12A9FBC1100BF40A0 /* Configration */ = {
			isa = PBXGroup;
			children = (
				9E512AE32A9FBF6500BF40A0 /* Configuration.swift */,
			);
			path = Configration;
			sourceTree = "<group>";
		};
		9E512AD22A9FBC2700BF40A0 /* EndPoints */ = {
			isa = PBXGroup;
			children = (
				9E512AE52A9FBFD700BF40A0 /* PaymentDetailsEndPoint.swift */,
			);
			path = EndPoints;
			sourceTree = "<group>";
		};
		9E512AD32A9FBC3200BF40A0 /* Request */ = {
			isa = PBXGroup;
			children = (
				9E512AE12A9FBF5500BF40A0 /* PaymentDetailsRequest.swift */,
			);
			path = Request;
			sourceTree = "<group>";
		};
		9E512AD42A9FBC3D00BF40A0 /* Repository */ = {
			isa = PBXGroup;
			children = (
				9E512ADA2A9FBCB800BF40A0 /* PaymentDetailsRepository.swift */,
			);
			path = Repository;
			sourceTree = "<group>";
		};
		9E512AD52A9FBC7C00BF40A0 /* Service */ = {
			isa = PBXGroup;
			children = (
				9E512AD62A9FBC8200BF40A0 /* ServiceProtocol.swift */,
				9E512AD82A9FBC9500BF40A0 /* ServiceError.swift */,
			);
			path = Service;
			sourceTree = "<group>";
		};
		9E512ADE2A9FBEDA00BF40A0 /* Extensions */ = {
			isa = PBXGroup;
			children = (
				9E512ADF2A9FBEE700BF40A0 /* JSONDecoder.swift */,
				9EA4CDB32A9FCBE100F1E39F /* View.swift */,
			);
			path = Extensions;
			sourceTree = "<group>";
		};
		9EA4CDB02A9FC2A800F1E39F /* SceneFactory */ = {
			isa = PBXGroup;
			children = (
				9EA4CDB12A9FC2AD00F1E39F /* SceneFactory.swift */,
			);
			path = SceneFactory;
			sourceTree = "<group>";
		};
/* End PBXGroup section */

/* Begin PBXNativeTarget section */
		9E512AAB2A9FB98B00BF40A0 /* Mintos */ = {
			isa = PBXNativeTarget;
			buildConfigurationList = 9E512ABA2A9FB98D00BF40A0 /* Build configuration list for PBXNativeTarget "Mintos" */;
			buildPhases = (
				9E512AA82A9FB98B00BF40A0 /* Sources */,
				9E512AA92A9FB98B00BF40A0 /* Frameworks */,
				9E512AAA2A9FB98B00BF40A0 /* Resources */,
			);
			buildRules = (
			);
			dependencies = (
			);
			name = Mintos;
			productName = Mintos;
			productReference = 9E512AAC2A9FB98B00BF40A0 /* Mintos.app */;
			productType = "com.apple.product-type.application";
		};
/* End PBXNativeTarget section */

/* Begin PBXProject section */
		9E512AA42A9FB98B00BF40A0 /* Project object */ = {
			isa = PBXProject;
			attributes = {
				BuildIndependentTargetsInParallel = 1;
				LastSwiftUpdateCheck = 1430;
				LastUpgradeCheck = 1430;
				TargetAttributes = {
					9E512AAB2A9FB98B00BF40A0 = {
						CreatedOnToolsVersion = 14.3.1;
					};
				};
			};
			buildConfigurationList = 9E512AA72A9FB98B00BF40A0 /* Build configuration list for PBXProject "Mintos" */;
			compatibilityVersion = "Xcode 14.0";
			developmentRegion = en;
			hasScannedForEncodings = 0;
			knownRegions = (
				en,
				Base,
			);
			mainGroup = 9E512AA32A9FB98B00BF40A0;
			productRefGroup = 9E512AAD2A9FB98B00BF40A0 /* Products */;
			projectDirPath = "";
			projectRoot = "";
			targets = (
				9E512AAB2A9FB98B00BF40A0 /* Mintos */,
			);
		};
/* End PBXProject section */

/* Begin PBXResourcesBuildPhase section */
		9E512AAA2A9FB98B00BF40A0 /* Resources */ = {
			isa = PBXResourcesBuildPhase;
			buildActionMask = 2147483647;
			files = (
				9E512AB72A9FB98D00BF40A0 /* Preview Assets.xcassets in Resources */,
				9E512AB42A9FB98D00BF40A0 /* Assets.xcassets in Resources */,
			);
			runOnlyForDeploymentPostprocessing = 0;
		};
/* End PBXResourcesBuildPhase section */

/* Begin PBXSourcesBuildPhase section */
		9E512AA82A9FB98B00BF40A0 /* Sources */ = {
			isa = PBXSourcesBuildPhase;
			buildActionMask = 2147483647;
			files = (
				9E512AE62A9FBFD700BF40A0 /* PaymentDetailsEndPoint.swift in Sources */,
				9E512AE02A9FBEE700BF40A0 /* JSONDecoder.swift in Sources */,
				9E512ACF2A9FBB8000BF40A0 /* PaymentDetailsViewModel.swift in Sources */,
				9EA4CDB22A9FC2AD00F1E39F /* SceneFactory.swift in Sources */,
				9EA4CDB42A9FCBE100F1E39F /* View.swift in Sources */,
				9E512AE42A9FBF6500BF40A0 /* Configuration.swift in Sources */,
				9E512AD72A9FBC8200BF40A0 /* ServiceProtocol.swift in Sources */,
				9E512AE22A9FBF5500BF40A0 /* PaymentDetailsRequest.swift in Sources */,
				9E512AC22A9FBA7C00BF40A0 /* ViewModelType.swift in Sources */,
				9E512AC52A9FBACF00BF40A0 /* AnySubject.swift in Sources */,
				9E512AC72A9FBAE200BF40A0 /* ViewState.swift in Sources */,
				9E512AB22A9FB98B00BF40A0 /* PaymentDetailsView.swift in Sources */,
				9E512AD92A9FBC9500BF40A0 /* ServiceError.swift in Sources */,
				9E512ADD2A9FBD3900BF40A0 /* PaymentDetails.swift in Sources */,
				9E512AC02A9FBA6700BF40A0 /* ViewModel.swift in Sources */,
				9E512AB02A9FB98B00BF40A0 /* MintosApp.swift in Sources */,
				9E512ADB2A9FBCB800BF40A0 /* PaymentDetailsRepository.swift in Sources */,
			);
			runOnlyForDeploymentPostprocessing = 0;
		};
/* End PBXSourcesBuildPhase section */

/* Begin XCBuildConfiguration section */
		9E512AB82A9FB98D00BF40A0 /* Debug */ = {
			isa = XCBuildConfiguration;
			buildSettings = {
				ALWAYS_SEARCH_USER_PATHS = NO;
				CLANG_ANALYZER_NONNULL = YES;
				CLANG_ANALYZER_NUMBER_OBJECT_CONVERSION = YES_AGGRESSIVE;
				CLANG_CXX_LANGUAGE_STANDARD = "gnu++20";
				CLANG_ENABLE_MODULES = YES;
				CLANG_ENABLE_OBJC_ARC = YES;
				CLANG_ENABLE_OBJC_WEAK = YES;
				CLANG_WARN_BLOCK_CAPTURE_AUTORELEASING = YES;
				CLANG_WARN_BOOL_CONVERSION = YES;
				CLANG_WARN_COMMA = YES;
				CLANG_WARN_CONSTANT_CONVERSION = YES;
				CLANG_WARN_DEPRECATED_OBJC_IMPLEMENTATIONS = YES;
				CLANG_WARN_DIRECT_OBJC_ISA_USAGE = YES_ERROR;
				CLANG_WARN_DOCUMENTATION_COMMENTS = YES;
				CLANG_WARN_EMPTY_BODY = YES;
				CLANG_WARN_ENUM_CONVERSION = YES;
				CLANG_WARN_INFINITE_RECURSION = YES;
				CLANG_WARN_INT_CONVERSION = YES;
				CLANG_WARN_NON_LITERAL_NULL_CONVERSION = YES;
				CLANG_WARN_OBJC_IMPLICIT_RETAIN_SELF = YES;
				CLANG_WARN_OBJC_LITERAL_CONVERSION = YES;
				CLANG_WARN_OBJC_ROOT_CLASS = YES_ERROR;
				CLANG_WARN_QUOTED_INCLUDE_IN_FRAMEWORK_HEADER = YES;
				CLANG_WARN_RANGE_LOOP_ANALYSIS = YES;
				CLANG_WARN_STRICT_PROTOTYPES = YES;
				CLANG_WARN_SUSPICIOUS_MOVE = YES;
				CLANG_WARN_UNGUARDED_AVAILABILITY = YES_AGGRESSIVE;
				CLANG_WARN_UNREACHABLE_CODE = YES;
				CLANG_WARN__DUPLICATE_METHOD_MATCH = YES;
				COPY_PHASE_STRIP = NO;
				DEBUG_INFORMATION_FORMAT = dwarf;
				ENABLE_STRICT_OBJC_MSGSEND = YES;
				ENABLE_TESTABILITY = YES;
				GCC_C_LANGUAGE_STANDARD = gnu11;
				GCC_DYNAMIC_NO_PIC = NO;
				GCC_NO_COMMON_BLOCKS = YES;
				GCC_OPTIMIZATION_LEVEL = 0;
				GCC_PREPROCESSOR_DEFINITIONS = (
					"DEBUG=1",
					"$(inherited)",
				);
				GCC_WARN_64_TO_32_BIT_CONVERSION = YES;
				GCC_WARN_ABOUT_RETURN_TYPE = YES_ERROR;
				GCC_WARN_UNDECLARED_SELECTOR = YES;
				GCC_WARN_UNINITIALIZED_AUTOS = YES_AGGRESSIVE;
				GCC_WARN_UNUSED_FUNCTION = YES;
				GCC_WARN_UNUSED_VARIABLE = YES;
				IPHONEOS_DEPLOYMENT_TARGET = 16.4;
				MTL_ENABLE_DEBUG_INFO = INCLUDE_SOURCE;
				MTL_FAST_MATH = YES;
				ONLY_ACTIVE_ARCH = YES;
				SDKROOT = iphoneos;
				SWIFT_ACTIVE_COMPILATION_CONDITIONS = DEBUG;
				SWIFT_OPTIMIZATION_LEVEL = "-Onone";
			};
			name = Debug;
		};
		9E512AB92A9FB98D00BF40A0 /* Release */ = {
			isa = XCBuildConfiguration;
			buildSettings = {
				ALWAYS_SEARCH_USER_PATHS = NO;
				CLANG_ANALYZER_NONNULL = YES;
				CLANG_ANALYZER_NUMBER_OBJECT_CONVERSION = YES_AGGRESSIVE;
				CLANG_CXX_LANGUAGE_STANDARD = "gnu++20";
				CLANG_ENABLE_MODULES = YES;
				CLANG_ENABLE_OBJC_ARC = YES;
				CLANG_ENABLE_OBJC_WEAK = YES;
				CLANG_WARN_BLOCK_CAPTURE_AUTORELEASING = YES;
				CLANG_WARN_BOOL_CONVERSION = YES;
				CLANG_WARN_COMMA = YES;
				CLANG_WARN_CONSTANT_CONVERSION = YES;
				CLANG_WARN_DEPRECATED_OBJC_IMPLEMENTATIONS = YES;
				CLANG_WARN_DIRECT_OBJC_ISA_USAGE = YES_ERROR;
				CLANG_WARN_DOCUMENTATION_COMMENTS = YES;
				CLANG_WARN_EMPTY_BODY = YES;
				CLANG_WARN_ENUM_CONVERSION = YES;
				CLANG_WARN_INFINITE_RECURSION = YES;
				CLANG_WARN_INT_CONVERSION = YES;
				CLANG_WARN_NON_LITERAL_NULL_CONVERSION = YES;
				CLANG_WARN_OBJC_IMPLICIT_RETAIN_SELF = YES;
				CLANG_WARN_OBJC_LITERAL_CONVERSION = YES;
				CLANG_WARN_OBJC_ROOT_CLASS = YES_ERROR;
				CLANG_WARN_QUOTED_INCLUDE_IN_FRAMEWORK_HEADER = YES;
				CLANG_WARN_RANGE_LOOP_ANALYSIS = YES;
				CLANG_WARN_STRICT_PROTOTYPES = YES;
				CLANG_WARN_SUSPICIOUS_MOVE = YES;
				CLANG_WARN_UNGUARDED_AVAILABILITY = YES_AGGRESSIVE;
				CLANG_WARN_UNREACHABLE_CODE = YES;
				CLANG_WARN__DUPLICATE_METHOD_MATCH = YES;
				COPY_PHASE_STRIP = NO;
				DEBUG_INFORMATION_FORMAT = "dwarf-with-dsym";
				ENABLE_NS_ASSERTIONS = NO;
				ENABLE_STRICT_OBJC_MSGSEND = YES;
				GCC_C_LANGUAGE_STANDARD = gnu11;
				GCC_NO_COMMON_BLOCKS = YES;
				GCC_WARN_64_TO_32_BIT_CONVERSION = YES;
				GCC_WARN_ABOUT_RETURN_TYPE = YES_ERROR;
				GCC_WARN_UNDECLARED_SELECTOR = YES;
				GCC_WARN_UNINITIALIZED_AUTOS = YES_AGGRESSIVE;
				GCC_WARN_UNUSED_FUNCTION = YES;
				GCC_WARN_UNUSED_VARIABLE = YES;
				IPHONEOS_DEPLOYMENT_TARGET = 16.4;
				MTL_ENABLE_DEBUG_INFO = NO;
				MTL_FAST_MATH = YES;
				SDKROOT = iphoneos;
				SWIFT_COMPILATION_MODE = wholemodule;
				SWIFT_OPTIMIZATION_LEVEL = "-O";
				VALIDATE_PRODUCT = YES;
			};
			name = Release;
		};
		9E512ABB2A9FB98D00BF40A0 /* Debug */ = {
			isa = XCBuildConfiguration;
			buildSettings = {
				ASSETCATALOG_COMPILER_APPICON_NAME = AppIcon;
				ASSETCATALOG_COMPILER_GLOBAL_ACCENT_COLOR_NAME = AccentColor;
				CODE_SIGN_STYLE = Automatic;
				CURRENT_PROJECT_VERSION = 1;
				DEVELOPMENT_ASSET_PATHS = "\"Mintos/Preview Content\"";
				ENABLE_PREVIEWS = YES;
				GENERATE_INFOPLIST_FILE = YES;
				INFOPLIST_KEY_UIApplicationSceneManifest_Generation = YES;
				INFOPLIST_KEY_UIApplicationSupportsIndirectInputEvents = YES;
				INFOPLIST_KEY_UILaunchScreen_Generation = YES;
				INFOPLIST_KEY_UISupportedInterfaceOrientations_iPad = "UIInterfaceOrientationPortrait UIInterfaceOrientationPortraitUpsideDown UIInterfaceOrientationLandscapeLeft UIInterfaceOrientationLandscapeRight";
				INFOPLIST_KEY_UISupportedInterfaceOrientations_iPhone = "UIInterfaceOrientationPortrait UIInterfaceOrientationLandscapeLeft UIInterfaceOrientationLandscapeRight";
				LD_RUNPATH_SEARCH_PATHS = (
					"$(inherited)",
					"@executable_path/Frameworks",
				);
				MARKETING_VERSION = 1.0;
				PRODUCT_BUNDLE_IDENTIFIER = Mintos.Mintos;
				PRODUCT_NAME = "$(TARGET_NAME)";
				SWIFT_EMIT_LOC_STRINGS = YES;
				SWIFT_VERSION = 5.0;
				TARGETED_DEVICE_FAMILY = "1,2";
			};
			name = Debug;
		};
		9E512ABC2A9FB98D00BF40A0 /* Release */ = {
			isa = XCBuildConfiguration;
			buildSettings = {
				ASSETCATALOG_COMPILER_APPICON_NAME = AppIcon;
				ASSETCATALOG_COMPILER_GLOBAL_ACCENT_COLOR_NAME = AccentColor;
				CODE_SIGN_STYLE = Automatic;
				CURRENT_PROJECT_VERSION = 1;
				DEVELOPMENT_ASSET_PATHS = "\"Mintos/Preview Content\"";
				ENABLE_PREVIEWS = YES;
				GENERATE_INFOPLIST_FILE = YES;
				INFOPLIST_KEY_UIApplicationSceneManifest_Generation = YES;
				INFOPLIST_KEY_UIApplicationSupportsIndirectInputEvents = YES;
				INFOPLIST_KEY_UILaunchScreen_Generation = YES;
				INFOPLIST_KEY_UISupportedInterfaceOrientations_iPad = "UIInterfaceOrientationPortrait UIInterfaceOrientationPortraitUpsideDown UIInterfaceOrientationLandscapeLeft UIInterfaceOrientationLandscapeRight";
				INFOPLIST_KEY_UISupportedInterfaceOrientations_iPhone = "UIInterfaceOrientationPortrait UIInterfaceOrientationLandscapeLeft UIInterfaceOrientationLandscapeRight";
				LD_RUNPATH_SEARCH_PATHS = (
					"$(inherited)",
					"@executable_path/Frameworks",
				);
				MARKETING_VERSION = 1.0;
				PRODUCT_BUNDLE_IDENTIFIER = Mintos.Mintos;
				PRODUCT_NAME = "$(TARGET_NAME)";
				SWIFT_EMIT_LOC_STRINGS = YES;
				SWIFT_VERSION = 5.0;
				TARGETED_DEVICE_FAMILY = "1,2";
			};
			name = Release;
		};
/* End XCBuildConfiguration section */

/* Begin XCConfigurationList section */
		9E512AA72A9FB98B00BF40A0 /* Build configuration list for PBXProject "Mintos" */ = {
			isa = XCConfigurationList;
			buildConfigurations = (
				9E512AB82A9FB98D00BF40A0 /* Debug */,
				9E512AB92A9FB98D00BF40A0 /* Release */,
			);
			defaultConfigurationIsVisible = 0;
			defaultConfigurationName = Release;
		};
		9E512ABA2A9FB98D00BF40A0 /* Build configuration list for PBXNativeTarget "Mintos" */ = {
			isa = XCConfigurationList;
			buildConfigurations = (
				9E512ABB2A9FB98D00BF40A0 /* Debug */,
				9E512ABC2A9FB98D00BF40A0 /* Release */,
			);
			defaultConfigurationIsVisible = 0;
			defaultConfigurationName = Release;
		};
/* End XCConfigurationList section */
	};
	rootObject = 9E512AA42A9FB98B00BF40A0 /* Project object */;
}
